
Microsoft Visual Studio Solution File, Format Version 12.00
# Visual Studio 15
VisualStudioVersion = 15.0.28010.2048
MinimumVisualStudioVersion = 10.0.40219.1
Project("{FAE04EC0-301F-11D3-BF4B-00C04F79EFBC}") = "MPLC.Core", "MPLC.Core\MPLC.Core.csproj", "{3E2CB71D-DED9-4574-AFA6-E4E0D5A931F2}"
EndProject
Project("{FAE04EC0-301F-11D3-BF4B-00C04F79EFBC}") = "MPLC.Core.UnitTests", "MPLC.Core.UnitTests\MPLC.Core.UnitTests.csproj", "{AD54A108-B830-40F0-82DF-B951F40D5EC6}"
EndProject
Global
	GlobalSection(SolutionConfigurationPlatforms) = preSolution
		Debug|Any CPU = Debug|Any CPU
		Release|Any CPU = Release|Any CPU
	EndGlobalSection
	GlobalSection(ProjectConfigurationPlatforms) = postSolution
		{3E2CB71D-DED9-4574-AFA6-E4E0D5A931F2}.Debug|Any CPU.ActiveCfg = Debug|Any CPU
		{3E2CB71D-DED9-4574-AFA6-E4E0D5A931F2}.Debug|Any CPU.Build.0 = Debug|Any CPU
		{3E2CB71D-DED9-4574-AFA6-E4E0D5A931F2}.Release|Any CPU.ActiveCfg = Release|Any CPU
		{3E2CB71D-DED9-4574-AFA6-E4E0D5A931F2}.Release|Any CPU.Build.0 = Release|Any CPU
		{AD54A108-B830-40F0-82DF-B951F40D5EC6}.Debug|Any CPU.ActiveCfg = Debug|Any CPU
		{AD54A108-B830-40F0-82DF-B951F40D5EC6}.Debug|Any CPU.Build.0 = Debug|Any CPU
		{AD54A108-B830-40F0-82DF-B951F40D5EC6}.Release|Any CPU.ActiveCfg = Release|Any CPU
		{AD54A108-B830-40F0-82DF-B951F40D5EC6}.Release|Any CPU.Build.0 = Release|Any CPU
	EndGlobalSection
	GlobalSection(SolutionProperties) = preSolution
		HideSolutionNode = FALSE
	EndGlobalSection
	GlobalSection(ExtensibilityGlobals) = postSolution
		SolutionGuid = {A19ECCCE-3CD1-4BC4-B398-284A84E6E772}
	EndGlobalSection
EndGlobal
